{
  "version": 4,
  "terraform_version": "1.3.6",
  "serial": 1,
  "lineage": "7bcc3a06-5da3-7b25-e8f7-5b1637bde066",
  "outputs": {},
  "resources": [
    {
      "mode": "managed",
      "type": "newrelic_alert_policy",
      "name": "foo",
      "provider": "provider[\"registry.terraform.io/newrelic/newrelic\"]",
      "instances": [
        {
          "schema_version": 0,
          "attributes": {
            "account_id": 3578028,
            "channel_ids": null,
            "id": "3821259",
            "incident_preference": "PER_POLICY",
            "name": "example terraform policy"
          },
          "sensitive_attributes": [],
          "private": "bnVsbA=="
        }
      ]
    }
  ],
  "check_results": null
}
